
Microsoft Visual Studio Solution File, Format Version 12.00
# Visual Studio Version 16
VisualStudioVersion = 16.0.30804.86
MinimumVisualStudioVersion = 10.0.40219.1
Project("{2150E333-8FDC-42A3-9474-1A3956D46DE8}") = "src", "src", "{047E8938-EA90-4A50-9232-EA371185EE72}"
EndProject
Project("{2150E333-8FDC-42A3-9474-1A3956D46DE8}") = "tests", "tests", "{62155AA9-206A-43C8-90CA-9377385CC81F}"
EndProject
Project("{2150E333-8FDC-42A3-9474-1A3956D46DE8}") = "Solution Items", "Solution Items", "{98A7BD47-80F1-46BB-A14A-EBA859BB9274}"
	ProjectSection(SolutionItems) = preProject
		.gitignore = .gitignore
		README.md = README.md
	EndProjectSection
EndProject
Project("{9A19103F-16F7-4668-BE54-9A1E7A4F7556}") = "Shared", "src\Shared\Shared.csproj", "{CCBE9568-0ECE-4F8B-8016-C93E8B793991}"
EndProject
Project("{9A19103F-16F7-4668-BE54-9A1E7A4F7556}") = "Api", "src\Api\Api.csproj", "{9E43B6CB-B89C-408B-AB94-880169358F75}"
EndProject
Global
	GlobalSection(SolutionConfigurationPlatforms) = preSolution
		Debug|Any CPU = Debug|Any CPU
		Release|Any CPU = Release|Any CPU
	EndGlobalSection
	GlobalSection(ProjectConfigurationPlatforms) = postSolution
		{CCBE9568-0ECE-4F8B-8016-C93E8B793991}.Debug|Any CPU.ActiveCfg = Debug|Any CPU
		{CCBE9568-0ECE-4F8B-8016-C93E8B793991}.Debug|Any CPU.Build.0 = Debug|Any CPU
		{CCBE9568-0ECE-4F8B-8016-C93E8B793991}.Release|Any CPU.ActiveCfg = Release|Any CPU
		{CCBE9568-0ECE-4F8B-8016-C93E8B793991}.Release|Any CPU.Build.0 = Release|Any CPU
		{9E43B6CB-B89C-408B-AB94-880169358F75}.Debug|Any CPU.ActiveCfg = Debug|Any CPU
		{9E43B6CB-B89C-408B-AB94-880169358F75}.Debug|Any CPU.Build.0 = Debug|Any CPU
		{9E43B6CB-B89C-408B-AB94-880169358F75}.Release|Any CPU.ActiveCfg = Release|Any CPU
		{9E43B6CB-B89C-408B-AB94-880169358F75}.Release|Any CPU.Build.0 = Release|Any CPU
	EndGlobalSection
	GlobalSection(SolutionProperties) = preSolution
		HideSolutionNode = FALSE
	EndGlobalSection
	GlobalSection(NestedProjects) = preSolution
		{CCBE9568-0ECE-4F8B-8016-C93E8B793991} = {047E8938-EA90-4A50-9232-EA371185EE72}
		{9E43B6CB-B89C-408B-AB94-880169358F75} = {047E8938-EA90-4A50-9232-EA371185EE72}
	EndGlobalSection
	GlobalSection(ExtensibilityGlobals) = postSolution
		SolutionGuid = {611208BB-64AA-40D5-8961-AA8DE94F1760}
	EndGlobalSection
EndGlobal
